// !$*UTF8*$!
{
	archiveVersion = 1;
	classes = {
	};
	objectVersion = 48;
	objects = {

/* Begin PBXBuildFile section */
		4C2722DF1FB6F96200EC1B8C /* Info.plist in Resources */ = {isa = PBXBuildFile; fileRef = 4C2722DE1FB6F96200EC1B8C /* Info.plist */; };
		4C2722E11FB89DA100EC1B8C /* Shoutout.swift in Sources */ = {isa = PBXBuildFile; fileRef = 4C2722E01FB89DA100EC1B8C /* Shoutout.swift */; };
		4C2722E51FB8A0D000EC1B8C /* Employee.swift in Sources */ = {isa = PBXBuildFile; fileRef = 4C2722E41FB8A0D000EC1B8C /* Employee.swift */; };
		4C2DD86F1FAFD1E000DA1324 /* ShoutOUT.xcdatamodeld in Sources */ = {isa = PBXBuildFile; fileRef = 4C2DD86D1FAFD1E000DA1324 /* ShoutOUT.xcdatamodeld */; };
		4C2DD8711FAFD1FA00DA1324 /* CoreDataStack.swift in Sources */ = {isa = PBXBuildFile; fileRef = 4C2DD8701FAFD1FA00DA1324 /* CoreDataStack.swift */; };
		4C376E5C1FAB85C500164A9C /* DraftTableViewCell.swift in Sources */ = {isa = PBXBuildFile; fileRef = 4C376E591FAB85C500164A9C /* DraftTableViewCell.swift */; };
		4C376E5E1FAB861800164A9C /* ShoutOutDetailViewController.swift in Sources */ = {isa = PBXBuildFile; fileRef = 4C376E5D1FAB861800164A9C /* ShoutOutDetailViewController.swift */; };
		4C376E601FAB863900164A9C /* ShoutOutEditorViewController.swift in Sources */ = {isa = PBXBuildFile; fileRef = 4C376E5F1FAB863900164A9C /* ShoutOutEditorViewController.swift */; };
		4C3A851B1FA44F4700F37EA9 /* AppDelegate.swift in Sources */ = {isa = PBXBuildFile; fileRef = 4C3A851A1FA44F4700F37EA9 /* AppDelegate.swift */; };
		4C3A85201FA44F4700F37EA9 /* Main.storyboard in Resources */ = {isa = PBXBuildFile; fileRef = 4C3A851E1FA44F4700F37EA9 /* Main.storyboard */; };
		4C3A85251FA44F4700F37EA9 /* Assets.xcassets in Resources */ = {isa = PBXBuildFile; fileRef = 4C3A85241FA44F4700F37EA9 /* Assets.xcassets */; };
		4C3A85281FA44F4700F37EA9 /* LaunchScreen.storyboard in Resources */ = {isa = PBXBuildFile; fileRef = 4C3A85261FA44F4700F37EA9 /* LaunchScreen.storyboard */; };
		4CF4BB701FAB871900194D6E /* ShoutOutDraftsViewController.swift in Sources */ = {isa = PBXBuildFile; fileRef = 4CF4BB6F1FAB871900194D6E /* ShoutOutDraftsViewController.swift */; };
		6ABAE1831FB2B19C0001D8D4 /* Core_DataTests.swift in Sources */ = {isa = PBXBuildFile; fileRef = 6ABAE1821FB2B19C0001D8D4 /* Core_DataTests.swift */; };
		6ABAE1911FB2B1B10001D8D4 /* Core_DataUITests.swift in Sources */ = {isa = PBXBuildFile; fileRef = 6ABAE1901FB2B1B10001D8D4 /* Core_DataUITests.swift */; };
/* End PBXBuildFile section */

/* Begin PBXContainerItemProxy section */
		6ABAE1851FB2B19C0001D8D4 /* PBXContainerItemProxy */ = {
			isa = PBXContainerItemProxy;
			containerPortal = 4C3A850F1FA44F4700F37EA9 /* Project object */;
			proxyType = 1;
			remoteGlobalIDString = 4C3A85161FA44F4700F37EA9;
			remoteInfo = "Core-Data";
		};
		6ABAE1931FB2B1B10001D8D4 /* PBXContainerItemProxy */ = {
			isa = PBXContainerItemProxy;
			containerPortal = 4C3A850F1FA44F4700F37EA9 /* Project object */;
			proxyType = 1;
			remoteGlobalIDString = 4C3A85161FA44F4700F37EA9;
			remoteInfo = "Core-Data";
		};
/* End PBXContainerItemProxy section */

/* Begin PBXFileReference section */
		4C2722DE1FB6F96200EC1B8C /* Info.plist */ = {isa = PBXFileReference; fileEncoding = 4; lastKnownFileType = text.plist.xml; path = Info.plist; sourceTree = "<group>"; };
		4C2722E01FB89DA100EC1B8C /* Shoutout.swift */ = {isa = PBXFileReference; lastKnownFileType = sourcecode.swift; path = Shoutout.swift; sourceTree = "<group>"; };
		4C2722E41FB8A0D000EC1B8C /* Employee.swift */ = {isa = PBXFileReference; lastKnownFileType = sourcecode.swift; path = Employee.swift; sourceTree = "<group>"; };
		4C2DD86E1FAFD1E000DA1324 /* ShoutOUT.xcdatamodel */ = {isa = PBXFileReference; lastKnownFileType = wrapper.xcdatamodel; path = ShoutOUT.xcdatamodel; sourceTree = "<group>"; };
		4C2DD8701FAFD1FA00DA1324 /* CoreDataStack.swift */ = {isa = PBXFileReference; lastKnownFileType = sourcecode.swift; path = CoreDataStack.swift; sourceTree = "<group>"; };
		4C376E591FAB85C500164A9C /* DraftTableViewCell.swift */ = {isa = PBXFileReference; fileEncoding = 4; lastKnownFileType = sourcecode.swift; path = DraftTableViewCell.swift; sourceTree = "<group>"; };
		4C376E5D1FAB861800164A9C /* ShoutOutDetailViewController.swift */ = {isa = PBXFileReference; lastKnownFileType = sourcecode.swift; path = ShoutOutDetailViewController.swift; sourceTree = "<group>"; };
		4C376E5F1FAB863900164A9C /* ShoutOutEditorViewController.swift */ = {isa = PBXFileReference; lastKnownFileType = sourcecode.swift; path = ShoutOutEditorViewController.swift; sourceTree = "<group>"; };
		4C3A85171FA44F4700F37EA9 /* Core-Data.app */ = {isa = PBXFileReference; explicitFileType = wrapper.application; includeInIndex = 0; path = "Core-Data.app"; sourceTree = BUILT_PRODUCTS_DIR; };
		4C3A851A1FA44F4700F37EA9 /* AppDelegate.swift */ = {isa = PBXFileReference; lastKnownFileType = sourcecode.swift; path = AppDelegate.swift; sourceTree = "<group>"; };
		4C3A851F1FA44F4700F37EA9 /* Base */ = {isa = PBXFileReference; lastKnownFileType = file.storyboard; name = Base; path = Base.lproj/Main.storyboard; sourceTree = "<group>"; };
		4C3A85241FA44F4700F37EA9 /* Assets.xcassets */ = {isa = PBXFileReference; lastKnownFileType = folder.assetcatalog; path = Assets.xcassets; sourceTree = "<group>"; };
		4C3A85271FA44F4700F37EA9 /* Base */ = {isa = PBXFileReference; lastKnownFileType = file.storyboard; name = Base; path = Base.lproj/LaunchScreen.storyboard; sourceTree = "<group>"; };
		4CF4BB6F1FAB871900194D6E /* ShoutOutDraftsViewController.swift */ = {isa = PBXFileReference; lastKnownFileType = sourcecode.swift; path = ShoutOutDraftsViewController.swift; sourceTree = "<group>"; };
		6ABAE1801FB2B19C0001D8D4 /* Core-DataTests.xctest */ = {isa = PBXFileReference; explicitFileType = wrapper.cfbundle; includeInIndex = 0; path = "Core-DataTests.xctest"; sourceTree = BUILT_PRODUCTS_DIR; };
		6ABAE1821FB2B19C0001D8D4 /* Core_DataTests.swift */ = {isa = PBXFileReference; lastKnownFileType = sourcecode.swift; path = Core_DataTests.swift; sourceTree = "<group>"; };
		6ABAE1841FB2B19C0001D8D4 /* Info.plist */ = {isa = PBXFileReference; lastKnownFileType = text.plist.xml; path = Info.plist; sourceTree = "<group>"; };
		6ABAE18E1FB2B1B10001D8D4 /* Core-DataUITests.xctest */ = {isa = PBXFileReference; explicitFileType = wrapper.cfbundle; includeInIndex = 0; path = "Core-DataUITests.xctest"; sourceTree = BUILT_PRODUCTS_DIR; };
		6ABAE1901FB2B1B10001D8D4 /* Core_DataUITests.swift */ = {isa = PBXFileReference; lastKnownFileType = sourcecode.swift; path = Core_DataUITests.swift; sourceTree = "<group>"; };
		6ABAE1921FB2B1B10001D8D4 /* Info.plist */ = {isa = PBXFileReference; lastKnownFileType = text.plist.xml; path = Info.plist; sourceTree = "<group>"; };
/* End PBXFileReference section */

/* Begin PBXFrameworksBuildPhase section */
		4C3A85141FA44F4700F37EA9 /* Frameworks */ = {
			isa = PBXFrameworksBuildPhase;
			buildActionMask = 2147483647;
			files = (
			);
			runOnlyForDeploymentPostprocessing = 0;
		};
		6ABAE17D1FB2B19C0001D8D4 /* Frameworks */ = {
			isa = PBXFrameworksBuildPhase;
			buildActionMask = 2147483647;
			files = (
			);
			runOnlyForDeploymentPostprocessing = 0;
		};
		6ABAE18B1FB2B1B10001D8D4 /* Frameworks */ = {
			isa = PBXFrameworksBuildPhase;
			buildActionMask = 2147483647;
			files = (
			);
			runOnlyForDeploymentPostprocessing = 0;
		};
/* End PBXFrameworksBuildPhase section */

/* Begin PBXGroup section */
		4C2DD86C1FAFD19300DA1324 /* Model */ = {
			isa = PBXGroup;
			children = (
				4C2DD86D1FAFD1E000DA1324 /* ShoutOUT.xcdatamodeld */,
				4C2722E01FB89DA100EC1B8C /* Shoutout.swift */,
				4C2722E41FB8A0D000EC1B8C /* Employee.swift */,
			);
			path = Model;
			sourceTree = "<group>";
		};
		4C376E481FAB7F2000164A9C /* ViewControllers */ = {
			isa = PBXGroup;
			children = (
				4C376E5D1FAB861800164A9C /* ShoutOutDetailViewController.swift */,
				4C376E5F1FAB863900164A9C /* ShoutOutEditorViewController.swift */,
				4CF4BB6F1FAB871900194D6E /* ShoutOutDraftsViewController.swift */,
			);
			path = ViewControllers;
			sourceTree = "<group>";
		};
		4C376E581FAB85C500164A9C /* Views */ = {
			isa = PBXGroup;
			children = (
				4C376E591FAB85C500164A9C /* DraftTableViewCell.swift */,
			);
			path = Views;
			sourceTree = "<group>";
		};
		4C376E5A1FAB85C500164A9C /* View & Asset */ = {
			isa = PBXGroup;
			children = (
				4C2722DE1FB6F96200EC1B8C /* Info.plist */,
				4C3A851E1FA44F4700F37EA9 /* Main.storyboard */,
				4C3A85241FA44F4700F37EA9 /* Assets.xcassets */,
				4C3A85261FA44F4700F37EA9 /* LaunchScreen.storyboard */,
			);
			path = "View & Asset";
			sourceTree = "<group>";
		};
		4C376E5B1FAB85C500164A9C /* CoreData Stack */ = {
			isa = PBXGroup;
			children = (
				4C2DD8701FAFD1FA00DA1324 /* CoreDataStack.swift */,
			);
			path = "CoreData Stack";
			sourceTree = "<group>";
		};
		4C3A850E1FA44F4700F37EA9 = {
			isa = PBXGroup;
			children = (
				4C3A85191FA44F4700F37EA9 /* Core-Data */,
				6ABAE1811FB2B19C0001D8D4 /* Core-DataTests */,
				6ABAE18F1FB2B1B10001D8D4 /* Core-DataUITests */,
				4C3A85181FA44F4700F37EA9 /* Products */,
			);
			sourceTree = "<group>";
		};
		4C3A85181FA44F4700F37EA9 /* Products */ = {
			isa = PBXGroup;
			children = (
				4C3A85171FA44F4700F37EA9 /* Core-Data.app */,
				6ABAE1801FB2B19C0001D8D4 /* Core-DataTests.xctest */,
				6ABAE18E1FB2B1B10001D8D4 /* Core-DataUITests.xctest */,
			);
			name = Products;
			sourceTree = "<group>";
		};
		4C3A85191FA44F4700F37EA9 /* Core-Data */ = {
			isa = PBXGroup;
			children = (
				4C2DD86C1FAFD19300DA1324 /* Model */,
				4C376E5B1FAB85C500164A9C /* CoreData Stack */,
				4C376E5A1FAB85C500164A9C /* View & Asset */,
				4C376E581FAB85C500164A9C /* Views */,
				4C376E481FAB7F2000164A9C /* ViewControllers */,
				4C3A851A1FA44F4700F37EA9 /* AppDelegate.swift */,
			);
			path = "Core-Data";
			sourceTree = "<group>";
		};
		6ABAE1811FB2B19C0001D8D4 /* Core-DataTests */ = {
			isa = PBXGroup;
			children = (
				6ABAE1821FB2B19C0001D8D4 /* Core_DataTests.swift */,
				6ABAE1841FB2B19C0001D8D4 /* Info.plist */,
			);
			path = "Core-DataTests";
			sourceTree = "<group>";
		};
		6ABAE18F1FB2B1B10001D8D4 /* Core-DataUITests */ = {
			isa = PBXGroup;
			children = (
				6ABAE1901FB2B1B10001D8D4 /* Core_DataUITests.swift */,
				6ABAE1921FB2B1B10001D8D4 /* Info.plist */,
			);
			path = "Core-DataUITests";
			sourceTree = "<group>";
		};
/* End PBXGroup section */

/* Begin PBXNativeTarget section */
		4C3A85161FA44F4700F37EA9 /* Core-Data */ = {
			isa = PBXNativeTarget;
			buildConfigurationList = 4C3A852C1FA44F4700F37EA9 /* Build configuration list for PBXNativeTarget "Core-Data" */;
			buildPhases = (
				4C3A85131FA44F4700F37EA9 /* Sources */,
				4C3A85141FA44F4700F37EA9 /* Frameworks */,
				4C3A85151FA44F4700F37EA9 /* Resources */,
			);
			buildRules = (
			);
			dependencies = (
			);
			name = "Core-Data";
			productName = "Core-Data";
			productReference = 4C3A85171FA44F4700F37EA9 /* Core-Data.app */;
			productType = "com.apple.product-type.application";
		};
		6ABAE17F1FB2B19C0001D8D4 /* Core-DataTests */ = {
			isa = PBXNativeTarget;
			buildConfigurationList = 6ABAE1891FB2B19C0001D8D4 /* Build configuration list for PBXNativeTarget "Core-DataTests" */;
			buildPhases = (
				6ABAE17C1FB2B19C0001D8D4 /* Sources */,
				6ABAE17D1FB2B19C0001D8D4 /* Frameworks */,
				6ABAE17E1FB2B19C0001D8D4 /* Resources */,
			);
			buildRules = (
			);
			dependencies = (
				6ABAE1861FB2B19C0001D8D4 /* PBXTargetDependency */,
			);
			name = "Core-DataTests";
			productName = "Core-DataTests";
			productReference = 6ABAE1801FB2B19C0001D8D4 /* Core-DataTests.xctest */;
			productType = "com.apple.product-type.bundle.unit-test";
		};
		6ABAE18D1FB2B1B10001D8D4 /* Core-DataUITests */ = {
			isa = PBXNativeTarget;
			buildConfigurationList = 6ABAE1951FB2B1B10001D8D4 /* Build configuration list for PBXNativeTarget "Core-DataUITests" */;
			buildPhases = (
				6ABAE18A1FB2B1B10001D8D4 /* Sources */,
				6ABAE18B1FB2B1B10001D8D4 /* Frameworks */,
				6ABAE18C1FB2B1B10001D8D4 /* Resources */,
			);
			buildRules = (
			);
			dependencies = (
				6ABAE1941FB2B1B10001D8D4 /* PBXTargetDependency */,
			);
			name = "Core-DataUITests";
			productName = "Core-DataUITests";
			productReference = 6ABAE18E1FB2B1B10001D8D4 /* Core-DataUITests.xctest */;
			productType = "com.apple.product-type.bundle.ui-testing";
		};
/* End PBXNativeTarget section */

/* Begin PBXProject section */
		4C3A850F1FA44F4700F37EA9 /* Project object */ = {
			isa = PBXProject;
			attributes = {
				LastSwiftUpdateCheck = 0910;
				LastUpgradeCheck = 0900;
				ORGANIZATIONNAME = Thuc;
				TargetAttributes = {
					4C3A85161FA44F4700F37EA9 = {
						CreatedOnToolsVersion = 9.0.1;
						ProvisioningStyle = Automatic;
					};
					6ABAE17F1FB2B19C0001D8D4 = {
						CreatedOnToolsVersion = 9.1;
						ProvisioningStyle = Automatic;
						TestTargetID = 4C3A85161FA44F4700F37EA9;
					};
					6ABAE18D1FB2B1B10001D8D4 = {
						CreatedOnToolsVersion = 9.1;
						ProvisioningStyle = Automatic;
						TestTargetID = 4C3A85161FA44F4700F37EA9;
					};
				};
			};
			buildConfigurationList = 4C3A85121FA44F4700F37EA9 /* Build configuration list for PBXProject "Core-Data" */;
			compatibilityVersion = "Xcode 8.0";
			developmentRegion = en;
			hasScannedForEncodings = 0;
			knownRegions = (
				en,
				Base,
			);
			mainGroup = 4C3A850E1FA44F4700F37EA9;
			productRefGroup = 4C3A85181FA44F4700F37EA9 /* Products */;
			projectDirPath = "";
			projectRoot = "";
			targets = (
				4C3A85161FA44F4700F37EA9 /* Core-Data */,
				6ABAE17F1FB2B19C0001D8D4 /* Core-DataTests */,
				6ABAE18D1FB2B1B10001D8D4 /* Core-DataUITests */,
			);
		};
/* End PBXProject section */

/* Begin PBXResourcesBuildPhase section */
		4C3A85151FA44F4700F37EA9 /* Resources */ = {
			isa = PBXResourcesBuildPhase;
			buildActionMask = 2147483647;
			files = (
				4C3A85281FA44F4700F37EA9 /* LaunchScreen.storyboard in Resources */,
				4C3A85251FA44F4700F37EA9 /* Assets.xcassets in Resources */,
				4C2722DF1FB6F96200EC1B8C /* Info.plist in Resources */,
				4C3A85201FA44F4700F37EA9 /* Main.storyboard in Resources */,
			);
			runOnlyForDeploymentPostprocessing = 0;
		};
		6ABAE17E1FB2B19C0001D8D4 /* Resources */ = {
			isa = PBXResourcesBuildPhase;
			buildActionMask = 2147483647;
			files = (
			);
			runOnlyForDeploymentPostprocessing = 0;
		};
		6ABAE18C1FB2B1B10001D8D4 /* Resources */ = {
			isa = PBXResourcesBuildPhase;
			buildActionMask = 2147483647;
			files = (
			);
			runOnlyForDeploymentPostprocessing = 0;
		};
/* End PBXResourcesBuildPhase section */

/* Begin PBXSourcesBuildPhase section */
		4C3A85131FA44F4700F37EA9 /* Sources */ = {
			isa = PBXSourcesBuildPhase;
			buildActionMask = 2147483647;
			files = (
				4C2DD8711FAFD1FA00DA1324 /* CoreDataStack.swift in Sources */,
				4C2722E51FB8A0D000EC1B8C /* Employee.swift in Sources */,
				4C2DD86F1FAFD1E000DA1324 /* ShoutOUT.xcdatamodeld in Sources */,
				4C376E601FAB863900164A9C /* ShoutOutEditorViewController.swift in Sources */,
				4C376E5E1FAB861800164A9C /* ShoutOutDetailViewController.swift in Sources */,
				4C2722E11FB89DA100EC1B8C /* Shoutout.swift in Sources */,
				4C3A851B1FA44F4700F37EA9 /* AppDelegate.swift in Sources */,
				4C376E5C1FAB85C500164A9C /* DraftTableViewCell.swift in Sources */,
				4CF4BB701FAB871900194D6E /* ShoutOutDraftsViewController.swift in Sources */,
			);
			runOnlyForDeploymentPostprocessing = 0;
		};
		6ABAE17C1FB2B19C0001D8D4 /* Sources */ = {
			isa = PBXSourcesBuildPhase;
			buildActionMask = 2147483647;
			files = (
				6ABAE1831FB2B19C0001D8D4 /* Core_DataTests.swift in Sources */,
			);
			runOnlyForDeploymentPostprocessing = 0;
		};
		6ABAE18A1FB2B1B10001D8D4 /* Sources */ = {
			isa = PBXSourcesBuildPhase;
			buildActionMask = 2147483647;
			files = (
				6ABAE1911FB2B1B10001D8D4 /* Core_DataUITests.swift in Sources */,
			);
			runOnlyForDeploymentPostprocessing = 0;
		};
/* End PBXSourcesBuildPhase section */

/* Begin PBXTargetDependency section */
		6ABAE1861FB2B19C0001D8D4 /* PBXTargetDependency */ = {
			isa = PBXTargetDependency;
			target = 4C3A85161FA44F4700F37EA9 /* Core-Data */;
			targetProxy = 6ABAE1851FB2B19C0001D8D4 /* PBXContainerItemProxy */;
		};
		6ABAE1941FB2B1B10001D8D4 /* PBXTargetDependency */ = {
			isa = PBXTargetDependency;
			target = 4C3A85161FA44F4700F37EA9 /* Core-Data */;
			targetProxy = 6ABAE1931FB2B1B10001D8D4 /* PBXContainerItemProxy */;
		};
/* End PBXTargetDependency section */

/* Begin PBXVariantGroup section */
		4C3A851E1FA44F4700F37EA9 /* Main.storyboard */ = {
			isa = PBXVariantGroup;
			children = (
				4C3A851F1FA44F4700F37EA9 /* Base */,
			);
			name = Main.storyboard;
			sourceTree = "<group>";
		};
		4C3A85261FA44F4700F37EA9 /* LaunchScreen.storyboard */ = {
			isa = PBXVariantGroup;
			children = (
				4C3A85271FA44F4700F37EA9 /* Base */,
			);
			name = LaunchScreen.storyboard;
			sourceTree = "<group>";
		};
/* End PBXVariantGroup section */

/* Begin XCBuildConfiguration section */
		4C3A852A1FA44F4700F37EA9 /* Debug */ = {
			isa = XCBuildConfiguration;
			buildSettings = {
				ALWAYS_SEARCH_USER_PATHS = NO;
				CLANG_ANALYZER_NONNULL = YES;
				CLANG_ANALYZER_NUMBER_OBJECT_CONVERSION = YES_AGGRESSIVE;
				CLANG_CXX_LANGUAGE_STANDARD = "gnu++14";
				CLANG_CXX_LIBRARY = "libc++";
				CLANG_ENABLE_MODULES = YES;
				CLANG_ENABLE_OBJC_ARC = YES;
				CLANG_WARN_BLOCK_CAPTURE_AUTORELEASING = YES;
				CLANG_WARN_BOOL_CONVERSION = YES;
				CLANG_WARN_COMMA = YES;
				CLANG_WARN_CONSTANT_CONVERSION = YES;
				CLANG_WARN_DIRECT_OBJC_ISA_USAGE = YES_ERROR;
				CLANG_WARN_DOCUMENTATION_COMMENTS = YES;
				CLANG_WARN_EMPTY_BODY = YES;
				CLANG_WARN_ENUM_CONVERSION = YES;
				CLANG_WARN_INFINITE_RECURSION = YES;
				CLANG_WARN_INT_CONVERSION = YES;
				CLANG_WARN_NON_LITERAL_NULL_CONVERSION = YES;
				CLANG_WARN_OBJC_LITERAL_CONVERSION = YES;
				CLANG_WARN_OBJC_ROOT_CLASS = YES_ERROR;
				CLANG_WARN_RANGE_LOOP_ANALYSIS = YES;
				CLANG_WARN_STRICT_PROTOTYPES = YES;
				CLANG_WARN_SUSPICIOUS_MOVE = YES;
				CLANG_WARN_UNGUARDED_AVAILABILITY = YES_AGGRESSIVE;
				CLANG_WARN_UNREACHABLE_CODE = YES;
				CLANG_WARN__DUPLICATE_METHOD_MATCH = YES;
				CODE_SIGN_IDENTITY = "iPhone Developer";
				COPY_PHASE_STRIP = NO;
				DEBUG_INFORMATION_FORMAT = dwarf;
				ENABLE_STRICT_OBJC_MSGSEND = YES;
				ENABLE_TESTABILITY = YES;
				GCC_C_LANGUAGE_STANDARD = gnu11;
				GCC_DYNAMIC_NO_PIC = NO;
				GCC_NO_COMMON_BLOCKS = YES;
				GCC_OPTIMIZATION_LEVEL = 0;
				GCC_PREPROCESSOR_DEFINITIONS = (
					"DEBUG=1",
					"$(inherited)",
				);
				GCC_WARN_64_TO_32_BIT_CONVERSION = YES;
				GCC_WARN_ABOUT_RETURN_TYPE = YES_ERROR;
				GCC_WARN_UNDECLARED_SELECTOR = YES;
				GCC_WARN_UNINITIALIZED_AUTOS = YES_AGGRESSIVE;
				GCC_WARN_UNUSED_FUNCTION = YES;
				GCC_WARN_UNUSED_VARIABLE = YES;
				IPHONEOS_DEPLOYMENT_TARGET = 11.0;
				MTL_ENABLE_DEBUG_INFO = YES;
				ONLY_ACTIVE_ARCH = YES;
				SDKROOT = iphoneos;
				SWIFT_ACTIVE_COMPILATION_CONDITIONS = DEBUG;
				SWIFT_OPTIMIZATION_LEVEL = "-Onone";
			};
			name = Debug;
		};
		4C3A852B1FA44F4700F37EA9 /* Release */ = {
			isa = XCBuildConfiguration;
			buildSettings = {
				ALWAYS_SEARCH_USER_PATHS = NO;
				CLANG_ANALYZER_NONNULL = YES;
				CLANG_ANALYZER_NUMBER_OBJECT_CONVERSION = YES_AGGRESSIVE;
				CLANG_CXX_LANGUAGE_STANDARD = "gnu++14";
				CLANG_CXX_LIBRARY = "libc++";
				CLANG_ENABLE_MODULES = YES;
				CLANG_ENABLE_OBJC_ARC = YES;
				CLANG_WARN_BLOCK_CAPTURE_AUTORELEASING = YES;
				CLANG_WARN_BOOL_CONVERSION = YES;
				CLANG_WARN_COMMA = YES;
				CLANG_WARN_CONSTANT_CONVERSION = YES;
				CLANG_WARN_DIRECT_OBJC_ISA_USAGE = YES_ERROR;
				CLANG_WARN_DOCUMENTATION_COMMENTS = YES;
				CLANG_WARN_EMPTY_BODY = YES;
				CLANG_WARN_ENUM_CONVERSION = YES;
				CLANG_WARN_INFINITE_RECURSION = YES;
				CLANG_WARN_INT_CONVERSION = YES;
				CLANG_WARN_NON_LITERAL_NULL_CONVERSION = YES;
				CLANG_WARN_OBJC_LITERAL_CONVERSION = YES;
				CLANG_WARN_OBJC_ROOT_CLASS = YES_ERROR;
				CLANG_WARN_RANGE_LOOP_ANALYSIS = YES;
				CLANG_WARN_STRICT_PROTOTYPES = YES;
				CLANG_WARN_SUSPICIOUS_MOVE = YES;
				CLANG_WARN_UNGUARDED_AVAILABILITY = YES_AGGRESSIVE;
				CLANG_WARN_UNREACHABLE_CODE = YES;
				CLANG_WARN__DUPLICATE_METHOD_MATCH = YES;
				CODE_SIGN_IDENTITY = "iPhone Developer";
				COPY_PHASE_STRIP = NO;
				DEBUG_INFORMATION_FORMAT = "dwarf-with-dsym";
				ENABLE_NS_ASSERTIONS = NO;
				ENABLE_STRICT_OBJC_MSGSEND = YES;
				GCC_C_LANGUAGE_STANDARD = gnu11;
				GCC_NO_COMMON_BLOCKS = YES;
				GCC_WARN_64_TO_32_BIT_CONVERSION = YES;
				GCC_WARN_ABOUT_RETURN_TYPE = YES_ERROR;
				GCC_WARN_UNDECLARED_SELECTOR = YES;
				GCC_WARN_UNINITIALIZED_AUTOS = YES_AGGRESSIVE;
				GCC_WARN_UNUSED_FUNCTION = YES;
				GCC_WARN_UNUSED_VARIABLE = YES;
				IPHONEOS_DEPLOYMENT_TARGET = 11.0;
				MTL_ENABLE_DEBUG_INFO = NO;
				SDKROOT = iphoneos;
				SWIFT_OPTIMIZATION_LEVEL = "-Owholemodule";
				VALIDATE_PRODUCT = YES;
			};
			name = Release;
		};
		4C3A852D1FA44F4700F37EA9 /* Debug */ = {
			isa = XCBuildConfiguration;
			buildSettings = {
				ASSETCATALOG_COMPILER_APPICON_NAME = AppIcon;
				CODE_SIGN_STYLE = Automatic;
				DEVELOPMENT_TEAM = J8L3997MWN;
				INFOPLIST_FILE = "$(SRCROOT)/Core-Data/View & Asset/Info.plist";
				LD_RUNPATH_SEARCH_PATHS = "$(inherited) @executable_path/Frameworks";
				PRODUCT_BUNDLE_IDENTIFIER = "Thuc.Core-Data";
				PRODUCT_NAME = "$(TARGET_NAME)";
				SWIFT_VERSION = 4.0;
				TARGETED_DEVICE_FAMILY = "1,2";
			};
			name = Debug;
		};
		4C3A852E1FA44F4700F37EA9 /* Release */ = {
			isa = XCBuildConfiguration;
			buildSettings = {
				ASSETCATALOG_COMPILER_APPICON_NAME = AppIcon;
				CODE_SIGN_STYLE = Automatic;
				DEVELOPMENT_TEAM = J8L3997MWN;
				INFOPLIST_FILE = "$(SRCROOT)/Core-Data/View & Asset/Info.plist";
				LD_RUNPATH_SEARCH_PATHS = "$(inherited) @executable_path/Frameworks";
				PRODUCT_BUNDLE_IDENTIFIER = "Thuc.Core-Data";
				PRODUCT_NAME = "$(TARGET_NAME)";
				SWIFT_VERSION = 4.0;
				TARGETED_DEVICE_FAMILY = "1,2";
			};
			name = Release;
		};
		6ABAE1871FB2B19C0001D8D4 /* Debug */ = {
			isa = XCBuildConfiguration;
			buildSettings = {
				BUNDLE_LOADER = "$(TEST_HOST)";
				CODE_SIGN_STYLE = Automatic;
				INFOPLIST_FILE = "Core-DataTests/Info.plist";
				IPHONEOS_DEPLOYMENT_TARGET = 11.1;
				LD_RUNPATH_SEARCH_PATHS = "$(inherited) @executable_path/Frameworks @loader_path/Frameworks";
				PRODUCT_BUNDLE_IDENTIFIER = "Sutrix.Core-DataTests";
				PRODUCT_NAME = "$(TARGET_NAME)";
				SWIFT_VERSION = 4.0;
				TARGETED_DEVICE_FAMILY = "1,2";
				TEST_HOST = "$(BUILT_PRODUCTS_DIR)/Core-Data.app/Core-Data";
			};
			name = Debug;
		};
		6ABAE1881FB2B19C0001D8D4 /* Release */ = {
			isa = XCBuildConfiguration;
			buildSettings = {
				BUNDLE_LOADER = "$(TEST_HOST)";
				CODE_SIGN_STYLE = Automatic;
				INFOPLIST_FILE = "Core-DataTests/Info.plist";
				IPHONEOS_DEPLOYMENT_TARGET = 11.1;
				LD_RUNPATH_SEARCH_PATHS = "$(inherited) @executable_path/Frameworks @loader_path/Frameworks";
				PRODUCT_BUNDLE_IDENTIFIER = "Sutrix.Core-DataTests";
				PRODUCT_NAME = "$(TARGET_NAME)";
				SWIFT_VERSION = 4.0;
				TARGETED_DEVICE_FAMILY = "1,2";
				TEST_HOST = "$(BUILT_PRODUCTS_DIR)/Core-Data.app/Core-Data";
			};
			name = Release;
		};
		6ABAE1961FB2B1B10001D8D4 /* Debug */ = {
			isa = XCBuildConfiguration;
			buildSettings = {
				CODE_SIGN_STYLE = Automatic;
				INFOPLIST_FILE = "Core-DataUITests/Info.plist";
				IPHONEOS_DEPLOYMENT_TARGET = 11.1;
				LD_RUNPATH_SEARCH_PATHS = "$(inherited) @executable_path/Frameworks @loader_path/Frameworks";
				PRODUCT_BUNDLE_IDENTIFIER = "Sutrix.Core-DataUITests";
				PRODUCT_NAME = "$(TARGET_NAME)";
				SWIFT_VERSION = 4.0;
				TARGETED_DEVICE_FAMILY = "1,2";
				TEST_TARGET_NAME = "Core-Data";
			};
			name = Debug;
		};
		6ABAE1971FB2B1B10001D8D4 /* Release */ = {
			isa = XCBuildConfiguration;
			buildSettings = {
				CODE_SIGN_STYLE = Automatic;
				INFOPLIST_FILE = "Core-DataUITests/Info.plist";
				IPHONEOS_DEPLOYMENT_TARGET = 11.1;
				LD_RUNPATH_SEARCH_PATHS = "$(inherited) @executable_path/Frameworks @loader_path/Frameworks";
				PRODUCT_BUNDLE_IDENTIFIER = "Sutrix.Core-DataUITests";
				PRODUCT_NAME = "$(TARGET_NAME)";
				SWIFT_VERSION = 4.0;
				TARGETED_DEVICE_FAMILY = "1,2";
				TEST_TARGET_NAME = "Core-Data";
			};
			name = Release;
		};
/* End XCBuildConfiguration section */

/* Begin XCConfigurationList section */
		4C3A85121FA44F4700F37EA9 /* Build configuration list for PBXProject "Core-Data" */ = {
			isa = XCConfigurationList;
			buildConfigurations = (
				4C3A852A1FA44F4700F37EA9 /* Debug */,
				4C3A852B1FA44F4700F37EA9 /* Release */,
			);
			defaultConfigurationIsVisible = 0;
			defaultConfigurationName = Release;
		};
		4C3A852C1FA44F4700F37EA9 /* Build configuration list for PBXNativeTarget "Core-Data" */ = {
			isa = XCConfigurationList;
			buildConfigurations = (
				4C3A852D1FA44F4700F37EA9 /* Debug */,
				4C3A852E1FA44F4700F37EA9 /* Release */,
			);
			defaultConfigurationIsVisible = 0;
			defaultConfigurationName = Release;
		};
		6ABAE1891FB2B19C0001D8D4 /* Build configuration list for PBXNativeTarget "Core-DataTests" */ = {
			isa = XCConfigurationList;
			buildConfigurations = (
				6ABAE1871FB2B19C0001D8D4 /* Debug */,
				6ABAE1881FB2B19C0001D8D4 /* Release */,
			);
			defaultConfigurationIsVisible = 0;
			defaultConfigurationName = Release;
		};
		6ABAE1951FB2B1B10001D8D4 /* Build configuration list for PBXNativeTarget "Core-DataUITests" */ = {
			isa = XCConfigurationList;
			buildConfigurations = (
				6ABAE1961FB2B1B10001D8D4 /* Debug */,
				6ABAE1971FB2B1B10001D8D4 /* Release */,
			);
			defaultConfigurationIsVisible = 0;
			defaultConfigurationName = Release;
		};
/* End XCConfigurationList section */

/* Begin XCVersionGroup section */
		4C2DD86D1FAFD1E000DA1324 /* ShoutOUT.xcdatamodeld */ = {
			isa = XCVersionGroup;
			children = (
				4C2DD86E1FAFD1E000DA1324 /* ShoutOUT.xcdatamodel */,
			);
			currentVersion = 4C2DD86E1FAFD1E000DA1324 /* ShoutOUT.xcdatamodel */;
			path = ShoutOUT.xcdatamodeld;
			sourceTree = "<group>";
			versionGroupType = wrapper.xcdatamodel;
		};
/* End XCVersionGroup section */
	};
	rootObject = 4C3A850F1FA44F4700F37EA9 /* Project object */;
}
